
Microsoft Visual Studio Solution File, Format Version 12.00
# Visual Studio Version 17
VisualStudioVersion = 17.0.31912.275
MinimumVisualStudioVersion = 10.0.40219.1
Project("{FAE04EC0-301F-11D3-BF4B-00C04F79EFBC}") = "AdventOfCode2018", "AdventOfCode2018\AdventOfCode2018.csproj", "{0A94F0D0-C039-4B80-9DA0-A2E8C1CFEEB3}"
EndProject
Project("{9A19103F-16F7-4668-BE54-9A1E7A4F7556}") = "AdventOfCode2019", "AdventOfCode2019\AdventOfCode2019.csproj", "{392D4FCF-C3EA-42A6-9F30-F747FC46979F}"
EndProject
Project("{9A19103F-16F7-4668-BE54-9A1E7A4F7556}") = "AdventOfCode2020", "AdventOfCode2020\AdventOfCode2020.csproj", "{C4A3E486-9EA3-487B-8695-E982DF9C6172}"
EndProject
Project("{9A19103F-16F7-4668-BE54-9A1E7A4F7556}") = "AdventOfCode2021", "AdventOfCode2021\AdventOfCode2021.csproj", "{FA739C82-BB14-4895-9BCC-9775D1B3374A}"
EndProject
Project("{FAE04EC0-301F-11D3-BF4B-00C04F79EFBC}") = "AdventOfCode2022", "AdventOfCode2022\AdventOfCode2022.csproj", "{A0921A28-7EA7-44C3-B674-E4F2031F7D16}"
EndProject
Global
	GlobalSection(SolutionConfigurationPlatforms) = preSolution
		Debug|Any CPU = Debug|Any CPU
		Release|Any CPU = Release|Any CPU
	EndGlobalSection
	GlobalSection(ProjectConfigurationPlatforms) = postSolution
		{0A94F0D0-C039-4B80-9DA0-A2E8C1CFEEB3}.Debug|Any CPU.ActiveCfg = Debug|Any CPU
		{0A94F0D0-C039-4B80-9DA0-A2E8C1CFEEB3}.Debug|Any CPU.Build.0 = Debug|Any CPU
		{0A94F0D0-C039-4B80-9DA0-A2E8C1CFEEB3}.Release|Any CPU.ActiveCfg = Release|Any CPU
		{0A94F0D0-C039-4B80-9DA0-A2E8C1CFEEB3}.Release|Any CPU.Build.0 = Release|Any CPU
		{392D4FCF-C3EA-42A6-9F30-F747FC46979F}.Debug|Any CPU.ActiveCfg = Debug|Any CPU
		{392D4FCF-C3EA-42A6-9F30-F747FC46979F}.Debug|Any CPU.Build.0 = Debug|Any CPU
		{392D4FCF-C3EA-42A6-9F30-F747FC46979F}.Release|Any CPU.ActiveCfg = Release|Any CPU
		{392D4FCF-C3EA-42A6-9F30-F747FC46979F}.Release|Any CPU.Build.0 = Release|Any CPU
		{C4A3E486-9EA3-487B-8695-E982DF9C6172}.Debug|Any CPU.ActiveCfg = Debug|Any CPU
		{C4A3E486-9EA3-487B-8695-E982DF9C6172}.Debug|Any CPU.Build.0 = Debug|Any CPU
		{C4A3E486-9EA3-487B-8695-E982DF9C6172}.Release|Any CPU.ActiveCfg = Release|Any CPU
		{C4A3E486-9EA3-487B-8695-E982DF9C6172}.Release|Any CPU.Build.0 = Release|Any CPU
		{FA739C82-BB14-4895-9BCC-9775D1B3374A}.Debug|Any CPU.ActiveCfg = Debug|Any CPU
		{FA739C82-BB14-4895-9BCC-9775D1B3374A}.Debug|Any CPU.Build.0 = Debug|Any CPU
		{FA739C82-BB14-4895-9BCC-9775D1B3374A}.Release|Any CPU.ActiveCfg = Release|Any CPU
		{FA739C82-BB14-4895-9BCC-9775D1B3374A}.Release|Any CPU.Build.0 = Release|Any CPU
		{A0921A28-7EA7-44C3-B674-E4F2031F7D16}.Debug|Any CPU.ActiveCfg = Debug|Any CPU
		{A0921A28-7EA7-44C3-B674-E4F2031F7D16}.Debug|Any CPU.Build.0 = Debug|Any CPU
		{A0921A28-7EA7-44C3-B674-E4F2031F7D16}.Release|Any CPU.ActiveCfg = Release|Any CPU
		{A0921A28-7EA7-44C3-B674-E4F2031F7D16}.Release|Any CPU.Build.0 = Release|Any CPU
	EndGlobalSection
	GlobalSection(SolutionProperties) = preSolution
		HideSolutionNode = FALSE
	EndGlobalSection
	GlobalSection(ExtensibilityGlobals) = postSolution
		SolutionGuid = {0C79AF16-7316-4B8F-A981-13EFA9DE0375}
	EndGlobalSection
EndGlobal
